
Microsoft Visual Studio Solution File, Format Version 12.00
# Visual Studio Version 17
VisualStudioVersion = 17.5.002.0
MinimumVisualStudioVersion = 10.0.40219.1
Project("{9A19103F-16F7-4668-BE54-9A1E7A4F7556}") = "LinqEruption", "LinqEruption.csproj", "{D23BA641-5C66-492D-9390-FB8A42D20621}"
EndProject
Global
	GlobalSection(SolutionConfigurationPlatforms) = preSolution
		Debug|Any CPU = Debug|Any CPU
		Release|Any CPU = Release|Any CPU
	EndGlobalSection
	GlobalSection(ProjectConfigurationPlatforms) = postSolution
		{D23BA641-5C66-492D-9390-FB8A42D20621}.Debug|Any CPU.ActiveCfg = Debug|Any CPU
		{D23BA641-5C66-492D-9390-FB8A42D20621}.Debug|Any CPU.Build.0 = Debug|Any CPU
		{D23BA641-5C66-492D-9390-FB8A42D20621}.Release|Any CPU.ActiveCfg = Release|Any CPU
		{D23BA641-5C66-492D-9390-FB8A42D20621}.Release|Any CPU.Build.0 = Release|Any CPU
	EndGlobalSection
	GlobalSection(SolutionProperties) = preSolution
		HideSolutionNode = FALSE
	EndGlobalSection
	GlobalSection(ExtensibilityGlobals) = postSolution
		SolutionGuid = {AE8EB1CC-F4F0-4482-81AA-2909CBFE9736}
	EndGlobalSection
EndGlobal
